
Microsoft Visual Studio Solution File, Format Version 12.00
# Visual Studio 14
VisualStudioVersion = 14.0.25420.1
MinimumVisualStudioVersion = 10.0.40219.1
Project("{FAE04EC0-301F-11D3-BF4B-00C04F79EFBC}") = "CSharpPlayground", "CSharpPlayground\CSharpPlayground.csproj", "{02508EE2-D0BC-48CC-94B4-5684E6343E69}"
EndProject
Project("{FAE04EC0-301F-11D3-BF4B-00C04F79EFBC}") = "RoundedRectangle", "RoundedRectangle\RoundedRectangle.csproj", "{9B3BF724-57D1-4097-983B-9B169A7CD654}"
EndProject
Project("{2150E333-8FDC-42A3-9474-1A3956D46DE8}") = "Solution Items", "Solution Items", "{05218F43-057D-4F0C-8319-DA0DC13D8F76}"
	ProjectSection(SolutionItems) = preProject
		Readme.MD = Readme.MD
	EndProjectSection
EndProject
Project("{FAE04EC0-301F-11D3-BF4B-00C04F79EFBC}") = "WCFService1", "WCFService1\WCFService1.csproj", "{EA9BDE18-4247-4935-B30B-95DCE5996F76}"
EndProject
Project("{FAE04EC0-301F-11D3-BF4B-00C04F79EFBC}") = "WCFService2", "WCFService2\WCFService2.csproj", "{C7F06E9A-7D8B-47B3-B3E0-9EDAD0113C35}"
EndProject
Project("{FAE04EC0-301F-11D3-BF4B-00C04F79EFBC}") = "WCFService2Controller", "WCFService2Controller\WCFService2Controller.csproj", "{7F4A7F08-43A0-4271-B6C9-F67166096375}"
	ProjectSection(ProjectDependencies) = postProject
		{EA9BDE18-4247-4935-B30B-95DCE5996F76} = {EA9BDE18-4247-4935-B30B-95DCE5996F76}
	EndProjectSection
EndProject
Project("{FAE04EC0-301F-11D3-BF4B-00C04F79EFBC}") = "WCFServiceObject", "WCFService1Object\WCFServiceObject.csproj", "{A62B518E-9966-4313-AC5D-7AB1EDEA6FC8}"
EndProject
Global
	GlobalSection(SolutionConfigurationPlatforms) = preSolution
		Debug|Any CPU = Debug|Any CPU
		Debug|ARM = Debug|ARM
		Debug|x64 = Debug|x64
		Debug|x86 = Debug|x86
		Release|Any CPU = Release|Any CPU
		Release|ARM = Release|ARM
		Release|x64 = Release|x64
		Release|x86 = Release|x86
	EndGlobalSection
	GlobalSection(ProjectConfigurationPlatforms) = postSolution
		{02508EE2-D0BC-48CC-94B4-5684E6343E69}.Debug|Any CPU.ActiveCfg = Debug|x86
		{02508EE2-D0BC-48CC-94B4-5684E6343E69}.Debug|ARM.ActiveCfg = Debug|ARM
		{02508EE2-D0BC-48CC-94B4-5684E6343E69}.Debug|ARM.Build.0 = Debug|ARM
		{02508EE2-D0BC-48CC-94B4-5684E6343E69}.Debug|ARM.Deploy.0 = Debug|ARM
		{02508EE2-D0BC-48CC-94B4-5684E6343E69}.Debug|x64.ActiveCfg = Debug|x64
		{02508EE2-D0BC-48CC-94B4-5684E6343E69}.Debug|x64.Build.0 = Debug|x64
		{02508EE2-D0BC-48CC-94B4-5684E6343E69}.Debug|x64.Deploy.0 = Debug|x64
		{02508EE2-D0BC-48CC-94B4-5684E6343E69}.Debug|x86.ActiveCfg = Debug|x86
		{02508EE2-D0BC-48CC-94B4-5684E6343E69}.Debug|x86.Build.0 = Debug|x86
		{02508EE2-D0BC-48CC-94B4-5684E6343E69}.Debug|x86.Deploy.0 = Debug|x86
		{02508EE2-D0BC-48CC-94B4-5684E6343E69}.Release|Any CPU.ActiveCfg = Release|x86
		{02508EE2-D0BC-48CC-94B4-5684E6343E69}.Release|ARM.ActiveCfg = Release|ARM
		{02508EE2-D0BC-48CC-94B4-5684E6343E69}.Release|ARM.Build.0 = Release|ARM
		{02508EE2-D0BC-48CC-94B4-5684E6343E69}.Release|ARM.Deploy.0 = Release|ARM
		{02508EE2-D0BC-48CC-94B4-5684E6343E69}.Release|x64.ActiveCfg = Release|x64
		{02508EE2-D0BC-48CC-94B4-5684E6343E69}.Release|x64.Build.0 = Release|x64
		{02508EE2-D0BC-48CC-94B4-5684E6343E69}.Release|x64.Deploy.0 = Release|x64
		{02508EE2-D0BC-48CC-94B4-5684E6343E69}.Release|x86.ActiveCfg = Release|x86
		{02508EE2-D0BC-48CC-94B4-5684E6343E69}.Release|x86.Build.0 = Release|x86
		{02508EE2-D0BC-48CC-94B4-5684E6343E69}.Release|x86.Deploy.0 = Release|x86
		{9B3BF724-57D1-4097-983B-9B169A7CD654}.Debug|Any CPU.ActiveCfg = Debug|Any CPU
		{9B3BF724-57D1-4097-983B-9B169A7CD654}.Debug|Any CPU.Build.0 = Debug|Any CPU
		{9B3BF724-57D1-4097-983B-9B169A7CD654}.Debug|ARM.ActiveCfg = Debug|Any CPU
		{9B3BF724-57D1-4097-983B-9B169A7CD654}.Debug|ARM.Build.0 = Debug|Any CPU
		{9B3BF724-57D1-4097-983B-9B169A7CD654}.Debug|x64.ActiveCfg = Debug|Any CPU
		{9B3BF724-57D1-4097-983B-9B169A7CD654}.Debug|x64.Build.0 = Debug|Any CPU
		{9B3BF724-57D1-4097-983B-9B169A7CD654}.Debug|x86.ActiveCfg = Debug|Any CPU
		{9B3BF724-57D1-4097-983B-9B169A7CD654}.Debug|x86.Build.0 = Debug|Any CPU
		{9B3BF724-57D1-4097-983B-9B169A7CD654}.Release|Any CPU.ActiveCfg = Release|Any CPU
		{9B3BF724-57D1-4097-983B-9B169A7CD654}.Release|Any CPU.Build.0 = Release|Any CPU
		{9B3BF724-57D1-4097-983B-9B169A7CD654}.Release|ARM.ActiveCfg = Release|Any CPU
		{9B3BF724-57D1-4097-983B-9B169A7CD654}.Release|ARM.Build.0 = Release|Any CPU
		{9B3BF724-57D1-4097-983B-9B169A7CD654}.Release|x64.ActiveCfg = Release|Any CPU
		{9B3BF724-57D1-4097-983B-9B169A7CD654}.Release|x64.Build.0 = Release|Any CPU
		{9B3BF724-57D1-4097-983B-9B169A7CD654}.Release|x86.ActiveCfg = Release|Any CPU
		{9B3BF724-57D1-4097-983B-9B169A7CD654}.Release|x86.Build.0 = Release|Any CPU
		{EA9BDE18-4247-4935-B30B-95DCE5996F76}.Debug|Any CPU.ActiveCfg = Debug|Any CPU
		{EA9BDE18-4247-4935-B30B-95DCE5996F76}.Debug|Any CPU.Build.0 = Debug|Any CPU
		{EA9BDE18-4247-4935-B30B-95DCE5996F76}.Debug|ARM.ActiveCfg = Debug|Any CPU
		{EA9BDE18-4247-4935-B30B-95DCE5996F76}.Debug|ARM.Build.0 = Debug|Any CPU
		{EA9BDE18-4247-4935-B30B-95DCE5996F76}.Debug|x64.ActiveCfg = Debug|Any CPU
		{EA9BDE18-4247-4935-B30B-95DCE5996F76}.Debug|x64.Build.0 = Debug|Any CPU
		{EA9BDE18-4247-4935-B30B-95DCE5996F76}.Debug|x86.ActiveCfg = Debug|Any CPU
		{EA9BDE18-4247-4935-B30B-95DCE5996F76}.Debug|x86.Build.0 = Debug|Any CPU
		{EA9BDE18-4247-4935-B30B-95DCE5996F76}.Release|Any CPU.ActiveCfg = Release|Any CPU
		{EA9BDE18-4247-4935-B30B-95DCE5996F76}.Release|Any CPU.Build.0 = Release|Any CPU
		{EA9BDE18-4247-4935-B30B-95DCE5996F76}.Release|ARM.ActiveCfg = Release|Any CPU
		{EA9BDE18-4247-4935-B30B-95DCE5996F76}.Release|ARM.Build.0 = Release|Any CPU
		{EA9BDE18-4247-4935-B30B-95DCE5996F76}.Release|x64.ActiveCfg = Release|Any CPU
		{EA9BDE18-4247-4935-B30B-95DCE5996F76}.Release|x64.Build.0 = Release|Any CPU
		{EA9BDE18-4247-4935-B30B-95DCE5996F76}.Release|x86.ActiveCfg = Release|Any CPU
		{EA9BDE18-4247-4935-B30B-95DCE5996F76}.Release|x86.Build.0 = Release|Any CPU
		{C7F06E9A-7D8B-47B3-B3E0-9EDAD0113C35}.Debug|Any CPU.ActiveCfg = Debug|Any CPU
		{C7F06E9A-7D8B-47B3-B3E0-9EDAD0113C35}.Debug|Any CPU.Build.0 = Debug|Any CPU
		{C7F06E9A-7D8B-47B3-B3E0-9EDAD0113C35}.Debug|ARM.ActiveCfg = Debug|Any CPU
		{C7F06E9A-7D8B-47B3-B3E0-9EDAD0113C35}.Debug|ARM.Build.0 = Debug|Any CPU
		{C7F06E9A-7D8B-47B3-B3E0-9EDAD0113C35}.Debug|x64.ActiveCfg = Debug|Any CPU
		{C7F06E9A-7D8B-47B3-B3E0-9EDAD0113C35}.Debug|x64.Build.0 = Debug|Any CPU
		{C7F06E9A-7D8B-47B3-B3E0-9EDAD0113C35}.Debug|x86.ActiveCfg = Debug|Any CPU
		{C7F06E9A-7D8B-47B3-B3E0-9EDAD0113C35}.Debug|x86.Build.0 = Debug|Any CPU
		{C7F06E9A-7D8B-47B3-B3E0-9EDAD0113C35}.Release|Any CPU.ActiveCfg = Release|Any CPU
		{C7F06E9A-7D8B-47B3-B3E0-9EDAD0113C35}.Release|Any CPU.Build.0 = Release|Any CPU
		{C7F06E9A-7D8B-47B3-B3E0-9EDAD0113C35}.Release|ARM.ActiveCfg = Release|Any CPU
		{C7F06E9A-7D8B-47B3-B3E0-9EDAD0113C35}.Release|ARM.Build.0 = Release|Any CPU
		{C7F06E9A-7D8B-47B3-B3E0-9EDAD0113C35}.Release|x64.ActiveCfg = Release|Any CPU
		{C7F06E9A-7D8B-47B3-B3E0-9EDAD0113C35}.Release|x64.Build.0 = Release|Any CPU
		{C7F06E9A-7D8B-47B3-B3E0-9EDAD0113C35}.Release|x86.ActiveCfg = Release|Any CPU
		{C7F06E9A-7D8B-47B3-B3E0-9EDAD0113C35}.Release|x86.Build.0 = Release|Any CPU
		{7F4A7F08-43A0-4271-B6C9-F67166096375}.Debug|Any CPU.ActiveCfg = Debug|Any CPU
		{7F4A7F08-43A0-4271-B6C9-F67166096375}.Debug|Any CPU.Build.0 = Debug|Any CPU
		{7F4A7F08-43A0-4271-B6C9-F67166096375}.Debug|ARM.ActiveCfg = Debug|Any CPU
		{7F4A7F08-43A0-4271-B6C9-F67166096375}.Debug|ARM.Build.0 = Debug|Any CPU
		{7F4A7F08-43A0-4271-B6C9-F67166096375}.Debug|x64.ActiveCfg = Debug|Any CPU
		{7F4A7F08-43A0-4271-B6C9-F67166096375}.Debug|x64.Build.0 = Debug|Any CPU
		{7F4A7F08-43A0-4271-B6C9-F67166096375}.Debug|x86.ActiveCfg = Debug|Any CPU
		{7F4A7F08-43A0-4271-B6C9-F67166096375}.Debug|x86.Build.0 = Debug|Any CPU
		{7F4A7F08-43A0-4271-B6C9-F67166096375}.Release|Any CPU.ActiveCfg = Release|Any CPU
		{7F4A7F08-43A0-4271-B6C9-F67166096375}.Release|Any CPU.Build.0 = Release|Any CPU
		{7F4A7F08-43A0-4271-B6C9-F67166096375}.Release|ARM.ActiveCfg = Release|Any CPU
		{7F4A7F08-43A0-4271-B6C9-F67166096375}.Release|ARM.Build.0 = Release|Any CPU
		{7F4A7F08-43A0-4271-B6C9-F67166096375}.Release|x64.ActiveCfg = Release|Any CPU
		{7F4A7F08-43A0-4271-B6C9-F67166096375}.Release|x64.Build.0 = Release|Any CPU
		{7F4A7F08-43A0-4271-B6C9-F67166096375}.Release|x86.ActiveCfg = Release|Any CPU
		{7F4A7F08-43A0-4271-B6C9-F67166096375}.Release|x86.Build.0 = Release|Any CPU
		{A62B518E-9966-4313-AC5D-7AB1EDEA6FC8}.Debug|Any CPU.ActiveCfg = Debug|Any CPU
		{A62B518E-9966-4313-AC5D-7AB1EDEA6FC8}.Debug|Any CPU.Build.0 = Debug|Any CPU
		{A62B518E-9966-4313-AC5D-7AB1EDEA6FC8}.Debug|ARM.ActiveCfg = Debug|Any CPU
		{A62B518E-9966-4313-AC5D-7AB1EDEA6FC8}.Debug|ARM.Build.0 = Debug|Any CPU
		{A62B518E-9966-4313-AC5D-7AB1EDEA6FC8}.Debug|x64.ActiveCfg = Debug|Any CPU
		{A62B518E-9966-4313-AC5D-7AB1EDEA6FC8}.Debug|x64.Build.0 = Debug|Any CPU
		{A62B518E-9966-4313-AC5D-7AB1EDEA6FC8}.Debug|x86.ActiveCfg = Debug|Any CPU
		{A62B518E-9966-4313-AC5D-7AB1EDEA6FC8}.Debug|x86.Build.0 = Debug|Any CPU
		{A62B518E-9966-4313-AC5D-7AB1EDEA6FC8}.Release|Any CPU.ActiveCfg = Release|Any CPU
		{A62B518E-9966-4313-AC5D-7AB1EDEA6FC8}.Release|Any CPU.Build.0 = Release|Any CPU
		{A62B518E-9966-4313-AC5D-7AB1EDEA6FC8}.Release|ARM.ActiveCfg = Release|Any CPU
		{A62B518E-9966-4313-AC5D-7AB1EDEA6FC8}.Release|ARM.Build.0 = Release|Any CPU
		{A62B518E-9966-4313-AC5D-7AB1EDEA6FC8}.Release|x64.ActiveCfg = Release|Any CPU
		{A62B518E-9966-4313-AC5D-7AB1EDEA6FC8}.Release|x64.Build.0 = Release|Any CPU
		{A62B518E-9966-4313-AC5D-7AB1EDEA6FC8}.Release|x86.ActiveCfg = Release|Any CPU
		{A62B518E-9966-4313-AC5D-7AB1EDEA6FC8}.Release|x86.Build.0 = Release|Any CPU
	EndGlobalSection
	GlobalSection(SolutionProperties) = preSolution
		HideSolutionNode = FALSE
	EndGlobalSection
EndGlobal
