
Microsoft Visual Studio Solution File, Format Version 12.00
# Visual Studio 15
VisualStudioVersion = 15.0.28307.1000
MinimumVisualStudioVersion = 10.0.40219.1
Project("{FAE04EC0-301F-11D3-BF4B-00C04F79EFBC}") = "dotnet_saml2", "dotnet_saml2\dotnet_saml2.csproj", "{5445CF02-4F50-4DCC-A18F-7A332F8F73AA}"
EndProject
Global
	GlobalSection(SolutionConfigurationPlatforms) = preSolution
		Debug|Any CPU = Debug|Any CPU
		Release|Any CPU = Release|Any CPU
	EndGlobalSection
	GlobalSection(ProjectConfigurationPlatforms) = postSolution
		{5445CF02-4F50-4DCC-A18F-7A332F8F73AA}.Debug|Any CPU.ActiveCfg = Debug|Any CPU
		{5445CF02-4F50-4DCC-A18F-7A332F8F73AA}.Debug|Any CPU.Build.0 = Debug|Any CPU
		{5445CF02-4F50-4DCC-A18F-7A332F8F73AA}.Release|Any CPU.ActiveCfg = Release|Any CPU
		{5445CF02-4F50-4DCC-A18F-7A332F8F73AA}.Release|Any CPU.Build.0 = Release|Any CPU
	EndGlobalSection
	GlobalSection(SolutionProperties) = preSolution
		HideSolutionNode = FALSE
	EndGlobalSection
	GlobalSection(ExtensibilityGlobals) = postSolution
		SolutionGuid = {57C4E3C3-31AC-4439-BCE6-DC91C18B38EF}
	EndGlobalSection
EndGlobal
